
Microsoft Visual Studio Solution File, Format Version 12.00
# Visual Studio Version 16
VisualStudioVersion = 16.0.30621.155
MinimumVisualStudioVersion = 10.0.40219.1
Project("{9A19103F-16F7-4668-BE54-9A1E7A4F7556}") = "ToolLibrary.Test", "ToolLibrary.Test\ToolLibrary.Test.csproj", "{ECE3FD4D-1E60-4FD5-8F4E-AD726C455CAE}"
EndProject
Project("{9A19103F-16F7-4668-BE54-9A1E7A4F7556}") = "ToolLibrary.Standart", "ToolLibrary.Standart\ToolLibrary.Standart.csproj", "{A62008D7-4E5F-4AEB-9BB9-DFB16E046554}"
EndProject
Global
	GlobalSection(SolutionConfigurationPlatforms) = preSolution
		Debug|Any CPU = Debug|Any CPU
		Release|Any CPU = Release|Any CPU
	EndGlobalSection
	GlobalSection(ProjectConfigurationPlatforms) = postSolution
		{ECE3FD4D-1E60-4FD5-8F4E-AD726C455CAE}.Debug|Any CPU.ActiveCfg = Debug|Any CPU
		{ECE3FD4D-1E60-4FD5-8F4E-AD726C455CAE}.Debug|Any CPU.Build.0 = Debug|Any CPU
		{ECE3FD4D-1E60-4FD5-8F4E-AD726C455CAE}.Release|Any CPU.ActiveCfg = Release|Any CPU
		{ECE3FD4D-1E60-4FD5-8F4E-AD726C455CAE}.Release|Any CPU.Build.0 = Release|Any CPU
		{A62008D7-4E5F-4AEB-9BB9-DFB16E046554}.Debug|Any CPU.ActiveCfg = Debug|Any CPU
		{A62008D7-4E5F-4AEB-9BB9-DFB16E046554}.Debug|Any CPU.Build.0 = Debug|Any CPU
		{A62008D7-4E5F-4AEB-9BB9-DFB16E046554}.Release|Any CPU.ActiveCfg = Release|Any CPU
		{A62008D7-4E5F-4AEB-9BB9-DFB16E046554}.Release|Any CPU.Build.0 = Release|Any CPU
	EndGlobalSection
	GlobalSection(SolutionProperties) = preSolution
		HideSolutionNode = FALSE
	EndGlobalSection
	GlobalSection(ExtensibilityGlobals) = postSolution
		SolutionGuid = {B67C2814-D45B-4BAB-9A96-B128AF660531}
	EndGlobalSection
EndGlobal
